
Microsoft Visual Studio Solution File, Format Version 12.00
# Visual Studio Version 17
VisualStudioVersion = 17.0.32112.339
MinimumVisualStudioVersion = 10.0.40219.1
Project("{FAE04EC0-301F-11D3-BF4B-00C04F79EFBC}") = "ToDoListWebApp", "ToDoListWebApp.csproj", "{8E5D3BB4-240F-40A2-B046-7ADE1263ECDE}"
EndProject
Global
	GlobalSection(SolutionConfigurationPlatforms) = preSolution
		Debug|Any CPU = Debug|Any CPU
		Release|Any CPU = Release|Any CPU
	EndGlobalSection
	GlobalSection(ProjectConfigurationPlatforms) = postSolution
		{8E5D3BB4-240F-40A2-B046-7ADE1263ECDE}.Debug|Any CPU.ActiveCfg = Debug|Any CPU
		{8E5D3BB4-240F-40A2-B046-7ADE1263ECDE}.Debug|Any CPU.Build.0 = Debug|Any CPU
		{8E5D3BB4-240F-40A2-B046-7ADE1263ECDE}.Release|Any CPU.ActiveCfg = Release|Any CPU
		{8E5D3BB4-240F-40A2-B046-7ADE1263ECDE}.Release|Any CPU.Build.0 = Release|Any CPU
	EndGlobalSection
	GlobalSection(SolutionProperties) = preSolution
		HideSolutionNode = FALSE
	EndGlobalSection
	GlobalSection(ExtensibilityGlobals) = postSolution
		SolutionGuid = {3C8BE04A-3A5B-4FC5-BB70-165BD426714B}
	EndGlobalSection
EndGlobal
